
Microsoft Visual Studio Solution File, Format Version 12.00
# Visual Studio Version 17
VisualStudioVersion = 17.14.36518.9 d17.14
MinimumVisualStudioVersion = 10.0.40219.1
Project("{FAE04EC0-301F-11D3-BF4B-00C04F79EFBC}") = "mayor23", "mayor23\mayor23.csproj", "{A30BC8BC-E0CC-4A63-9C55-64565F9B3D7E}"
EndProject
Global
	GlobalSection(SolutionConfigurationPlatforms) = preSolution
		Debug|Any CPU = Debug|Any CPU
		Release|Any CPU = Release|Any CPU
	EndGlobalSection
	GlobalSection(ProjectConfigurationPlatforms) = postSolution
		{A30BC8BC-E0CC-4A63-9C55-64565F9B3D7E}.Debug|Any CPU.ActiveCfg = Debug|Any CPU
		{A30BC8BC-E0CC-4A63-9C55-64565F9B3D7E}.Debug|Any CPU.Build.0 = Debug|Any CPU
		{A30BC8BC-E0CC-4A63-9C55-64565F9B3D7E}.Release|Any CPU.ActiveCfg = Release|Any CPU
		{A30BC8BC-E0CC-4A63-9C55-64565F9B3D7E}.Release|Any CPU.Build.0 = Release|Any CPU
	EndGlobalSection
	GlobalSection(SolutionProperties) = preSolution
		HideSolutionNode = FALSE
	EndGlobalSection
	GlobalSection(ExtensibilityGlobals) = postSolution
		SolutionGuid = {D9F7A7F1-3651-4E48-8BE4-65E627990C7E}
	EndGlobalSection
EndGlobal
